// !$*UTF8*$!
{
	archiveVersion = 1;
	classes = {
	};
	objectVersion = 46;
	objects = {

/* Begin PBXBuildFile section */
		1A700E411DF267FF007A1ABF /* AppDelegate.swift in Sources */ = {isa = PBXBuildFile; fileRef = 1A700E401DF267FF007A1ABF /* AppDelegate.swift */; };
		1A700E431DF267FF007A1ABF /* ViewController.swift in Sources */ = {isa = PBXBuildFile; fileRef = 1A700E421DF267FF007A1ABF /* ViewController.swift */; };
		1A700E461DF267FF007A1ABF /* Main.storyboard in Resources */ = {isa = PBXBuildFile; fileRef = 1A700E441DF267FF007A1ABF /* Main.storyboard */; };
		1A700E491DF267FF007A1ABF /* TestProject.xcdatamodeld in Sources */ = {isa = PBXBuildFile; fileRef = 1A700E471DF267FF007A1ABF /* TestProject.xcdatamodeld */; };
		1A700E4B1DF267FF007A1ABF /* Assets.xcassets in Resources */ = {isa = PBXBuildFile; fileRef = 1A700E4A1DF267FF007A1ABF /* Assets.xcassets */; };
		1A700E4E1DF267FF007A1ABF /* LaunchScreen.storyboard in Resources */ = {isa = PBXBuildFile; fileRef = 1A700E4C1DF267FF007A1ABF /* LaunchScreen.storyboard */; };
/* End PBXBuildFile section */

/* Begin PBXFileReference section */
		1A700E3D1DF267FF007A1ABF /* TestProject.app */ = {isa = PBXFileReference; explicitFileType = wrapper.application; includeInIndex = 0; path = TestProject.app; sourceTree = BUILT_PRODUCTS_DIR; };
		1A700E401DF267FF007A1ABF /* AppDelegate.swift */ = {isa = PBXFileReference; lastKnownFileType = sourcecode.swift; path = AppDelegate.swift; sourceTree = "<group>"; };
		1A700E421DF267FF007A1ABF /* ViewController.swift */ = {isa = PBXFileReference; lastKnownFileType = sourcecode.swift; path = ViewController.swift; sourceTree = "<group>"; };
		1A700E451DF267FF007A1ABF /* Base */ = {isa = PBXFileReference; lastKnownFileType = file.storyboard; name = Base; path = Base.lproj/Main.storyboard; sourceTree = "<group>"; };
		1A700E481DF267FF007A1ABF /* TestProject.xcdatamodel */ = {isa = PBXFileReference; lastKnownFileType = wrapper.xcdatamodel; path = TestProject.xcdatamodel; sourceTree = "<group>"; };
		1A700E4A1DF267FF007A1ABF /* Assets.xcassets */ = {isa = PBXFileReference; lastKnownFileType = folder.assetcatalog; path = Assets.xcassets; sourceTree = "<group>"; };
		1A700E4D1DF267FF007A1ABF /* Base */ = {isa = PBXFileReference; lastKnownFileType = file.storyboard; name = Base; path = Base.lproj/LaunchScreen.storyboard; sourceTree = "<group>"; };
		1A700E4F1DF267FF007A1ABF /* Info.plist */ = {isa = PBXFileReference; lastKnownFileType = text.plist.xml; path = Info.plist; sourceTree = "<group>"; };
/* End PBXFileReference section */

/* Begin PBXFrameworksBuildPhase section */
		1A700E3A1DF267FF007A1ABF /* Frameworks */ = {
			isa = PBXFrameworksBuildPhase;
			buildActionMask = 2147483647;
			files = (
			);
			runOnlyForDeploymentPostprocessing = 0;
		};
/* End PBXFrameworksBuildPhase section */

/* Begin PBXGroup section */
		1A700E341DF267FF007A1ABF = {
			isa = PBXGroup;
			children = (
				1A700E3F1DF267FF007A1ABF /* TestProject */,
				1A700E3E1DF267FF007A1ABF /* Products */,
			);
			sourceTree = "<group>";
		};
		1A700E3E1DF267FF007A1ABF /* Products */ = {
			isa = PBXGroup;
			children = (
				1A700E3D1DF267FF007A1ABF /* TestProject.app */,
			);
			name = Products;
			sourceTree = "<group>";
		};
		1A700E3F1DF267FF007A1ABF /* TestProject */ = {
			isa = PBXGroup;
			children = (
				1A700E401DF267FF007A1ABF /* AppDelegate.swift */,
				1A700E421DF267FF007A1ABF /* ViewController.swift */,
				1A700E441DF267FF007A1ABF /* Main.storyboard */,
				1A700E4A1DF267FF007A1ABF /* Assets.xcassets */,
				1A700E4C1DF267FF007A1ABF /* LaunchScreen.storyboard */,
				1A700E4F1DF267FF007A1ABF /* Info.plist */,
				1A700E471DF267FF007A1ABF /* TestProject.xcdatamodeld */,
			);
			path = TestProject;
			sourceTree = "<group>";
		};
/* End PBXGroup section */

/* Begin PBXNativeTarget section */
		1A700E3C1DF267FF007A1ABF /* TestProject */ = {
			isa = PBXNativeTarget;
			buildConfigurationList = 1A700E521DF267FF007A1ABF /* Build configuration list for PBXNativeTarget "TestProject" */;
			buildPhases = (
				1A700E391DF267FF007A1ABF /* Sources */,
				1A700E3A1DF267FF007A1ABF /* Frameworks */,
				1A700E3B1DF267FF007A1ABF /* Resources */,
			);
			buildRules = (
			);
			dependencies = (
			);
			name = TestProject;
			productName = TestProject;
			productReference = 1A700E3D1DF267FF007A1ABF /* TestProject.app */;
			productType = "com.apple.product-type.application";
		};
/* End PBXNativeTarget section */

/* Begin PBXProject section */
		1A700E351DF267FF007A1ABF /* Project object */ = {
			isa = PBXProject;
			attributes = {
				LastSwiftUpdateCheck = 0730;
				LastUpgradeCheck = 0730;
				ORGANIZATIONNAME = "Faisal Syed";
				TargetAttributes = {
					1A700E3C1DF267FF007A1ABF = {
						CreatedOnToolsVersion = 7.3.1;
					};
				};
			};
			buildConfigurationList = 1A700E381DF267FF007A1ABF /* Build configuration list for PBXProject "TestProject" */;
			compatibilityVersion = "Xcode 3.2";
			developmentRegion = English;
			hasScannedForEncodings = 0;
			knownRegions = (
				en,
				Base,
			);
			mainGroup = 1A700E341DF267FF007A1ABF;
			productRefGroup = 1A700E3E1DF267FF007A1ABF /* Products */;
			projectDirPath = "";
			projectRoot = "";
			targets = (
				1A700E3C1DF267FF007A1ABF /* TestProject */,
			);
		};
/* End PBXProject section */

/* Begin PBXResourcesBuildPhase section */
		1A700E3B1DF267FF007A1ABF /* Resources */ = {
			isa = PBXResourcesBuildPhase;
			buildActionMask = 2147483647;
			files = (
				1A700E4E1DF267FF007A1ABF /* LaunchScreen.storyboard in Resources */,
				1A700E4B1DF267FF007A1ABF /* Assets.xcassets in Resources */,
				1A700E461DF267FF007A1ABF /* Main.storyboard in Resources */,
			);
			runOnlyForDeploymentPostprocessing = 0;
		};
/* End PBXResourcesBuildPhase section */

/* Begin PBXSourcesBuildPhase section */
		1A700E391DF267FF007A1ABF /* Sources */ = {
			isa = PBXSourcesBuildPhase;
			buildActionMask = 2147483647;
			files = (
				1A700E431DF267FF007A1ABF /* ViewController.swift in Sources */,
				1A700E491DF267FF007A1ABF /* TestProject.xcdatamodeld in Sources */,
				1A700E411DF267FF007A1ABF /* AppDelegate.swift in Sources */,
			);
			runOnlyForDeploymentPostprocessing = 0;
		};
/* End PBXSourcesBuildPhase section */

/* Begin PBXVariantGroup section */
		1A700E441DF267FF007A1ABF /* Main.storyboard */ = {
			isa = PBXVariantGroup;
			children = (
				1A700E451DF267FF007A1ABF /* Base */,
			);
			name = Main.storyboard;
			sourceTree = "<group>";
		};
		1A700E4C1DF267FF007A1ABF /* LaunchScreen.storyboard */ = {
			isa = PBXVariantGroup;
			children = (
				1A700E4D1DF267FF007A1ABF /* Base */,
			);
			name = LaunchScreen.storyboard;
			sourceTree = "<group>";
		};
/* End PBXVariantGroup section */

/* Begin XCBuildConfiguration section */
		1A700E501DF267FF007A1ABF /* Debug */ = {
			isa = XCBuildConfiguration;
			buildSettings = {
				ALWAYS_SEARCH_USER_PATHS = NO;
				CLANG_ANALYZER_NONNULL = YES;
				CLANG_CXX_LANGUAGE_STANDARD = "gnu++0x";
				CLANG_CXX_LIBRARY = "libc++";
				CLANG_ENABLE_MODULES = YES;
				CLANG_ENABLE_OBJC_ARC = YES;
				CLANG_WARN_BOOL_CONVERSION = YES;
				CLANG_WARN_CONSTANT_CONVERSION = YES;
				CLANG_WARN_DIRECT_OBJC_ISA_USAGE = YES_ERROR;
				CLANG_WARN_EMPTY_BODY = YES;
				CLANG_WARN_ENUM_CONVERSION = YES;
				CLANG_WARN_INT_CONVERSION = YES;
				CLANG_WARN_OBJC_ROOT_CLASS = YES_ERROR;
				CLANG_WARN_UNREACHABLE_CODE = YES;
				CLANG_WARN__DUPLICATE_METHOD_MATCH = YES;
				"CODE_SIGN_IDENTITY[sdk=iphoneos*]" = "iPhone Developer";
				COPY_PHASE_STRIP = NO;
				DEBUG_INFORMATION_FORMAT = dwarf;
				ENABLE_STRICT_OBJC_MSGSEND = YES;
				ENABLE_TESTABILITY = YES;
				GCC_C_LANGUAGE_STANDARD = gnu99;
				GCC_DYNAMIC_NO_PIC = NO;
				GCC_NO_COMMON_BLOCKS = YES;
				GCC_OPTIMIZATION_LEVEL = 0;
				GCC_PREPROCESSOR_DEFINITIONS = (
					"DEBUG=1",
					"$(inherited)",
				);
				GCC_WARN_64_TO_32_BIT_CONVERSION = YES;
				GCC_WARN_ABOUT_RETURN_TYPE = YES_ERROR;
				GCC_WARN_UNDECLARED_SELECTOR = YES;
				GCC_WARN_UNINITIALIZED_AUTOS = YES_AGGRESSIVE;
				GCC_WARN_UNUSED_FUNCTION = YES;
				GCC_WARN_UNUSED_VARIABLE = YES;
				IPHONEOS_DEPLOYMENT_TARGET = 9.3;
				MTL_ENABLE_DEBUG_INFO = YES;
				ONLY_ACTIVE_ARCH = YES;
				SDKROOT = iphoneos;
				SWIFT_OPTIMIZATION_LEVEL = "-Onone";
				TARGETED_DEVICE_FAMILY = "1,2";
			};
			name = Debug;
		};
		1A700E511DF267FF007A1ABF /* Release */ = {
			isa = XCBuildConfiguration;
			buildSettings = {
				ALWAYS_SEARCH_USER_PATHS = NO;
				CLANG_ANALYZER_NONNULL = YES;
				CLANG_CXX_LANGUAGE_STANDARD = "gnu++0x";
				CLANG_CXX_LIBRARY = "libc++";
				CLANG_ENABLE_MODULES = YES;
				CLANG_ENABLE_OBJC_ARC = YES;
				CLANG_WARN_BOOL_CONVERSION = YES;
				CLANG_WARN_CONSTANT_CONVERSION = YES;
				CLANG_WARN_DIRECT_OBJC_ISA_USAGE = YES_ERROR;
				CLANG_WARN_EMPTY_BODY = YES;
				CLANG_WARN_ENUM_CONVERSION = YES;
				CLANG_WARN_INT_CONVERSION = YES;
				CLANG_WARN_OBJC_ROOT_CLASS = YES_ERROR;
				CLANG_WARN_UNREACHABLE_CODE = YES;
				CLANG_WARN__DUPLICATE_METHOD_MATCH = YES;
				"CODE_SIGN_IDENTITY[sdk=iphoneos*]" = "iPhone Developer";
				COPY_PHASE_STRIP = NO;
				DEBUG_INFORMATION_FORMAT = "dwarf-with-dsym";
				ENABLE_NS_ASSERTIONS = NO;
				ENABLE_STRICT_OBJC_MSGSEND = YES;
				GCC_C_LANGUAGE_STANDARD = gnu99;
				GCC_NO_COMMON_BLOCKS = YES;
				GCC_WARN_64_TO_32_BIT_CONVERSION = YES;
				GCC_WARN_ABOUT_RETURN_TYPE = YES_ERROR;
				GCC_WARN_UNDECLARED_SELECTOR = YES;
				GCC_WARN_UNINITIALIZED_AUTOS = YES_AGGRESSIVE;
				GCC_WARN_UNUSED_FUNCTION = YES;
				GCC_WARN_UNUSED_VARIABLE = YES;
				IPHONEOS_DEPLOYMENT_TARGET = 9.3;
				MTL_ENABLE_DEBUG_INFO = NO;
				SDKROOT = iphoneos;
				TARGETED_DEVICE_FAMILY = "1,2";
				VALIDATE_PRODUCT = YES;
			};
			name = Release;
		};
		1A700E531DF267FF007A1ABF /* Debug */ = {
			isa = XCBuildConfiguration;
			buildSettings = {
				ASSETCATALOG_COMPILER_APPICON_NAME = AppIcon;
				INFOPLIST_FILE = TestProject/Info.plist;
				LD_RUNPATH_SEARCH_PATHS = "$(inherited) @executable_path/Frameworks";
				PRODUCT_BUNDLE_IDENTIFIER = com.CompositeApps.TestProject;
				PRODUCT_NAME = "$(TARGET_NAME)";
			};
			name = Debug;
		};
		1A700E541DF267FF007A1ABF /* Release */ = {
			isa = XCBuildConfiguration;
			buildSettings = {
				ASSETCATALOG_COMPILER_APPICON_NAME = AppIcon;
				INFOPLIST_FILE = TestProject/Info.plist;
				LD_RUNPATH_SEARCH_PATHS = "$(inherited) @executable_path/Frameworks";
				PRODUCT_BUNDLE_IDENTIFIER = com.CompositeApps.TestProject;
				PRODUCT_NAME = "$(TARGET_NAME)";
			};
			name = Release;
		};
/* End XCBuildConfiguration section */

/* Begin XCConfigurationList section */
		1A700E381DF267FF007A1ABF /* Build configuration list for PBXProject "TestProject" */ = {
			isa = XCConfigurationList;
			buildConfigurations = (
				1A700E501DF267FF007A1ABF /* Debug */,
				1A700E511DF267FF007A1ABF /* Release */,
			);
			defaultConfigurationIsVisible = 0;
			defaultConfigurationName = Release;
		};
		1A700E521DF267FF007A1ABF /* Build configuration list for PBXNativeTarget "TestProject" */ = {
			isa = XCConfigurationList;
			buildConfigurations = (
				1A700E531DF267FF007A1ABF /* Debug */,
				1A700E541DF267FF007A1ABF /* Release */,
			);
			defaultConfigurationIsVisible = 0;
		};
/* End XCConfigurationList section */

/* Begin XCVersionGroup section */
		1A700E471DF267FF007A1ABF /* TestProject.xcdatamodeld */ = {
			isa = XCVersionGroup;
			children = (
				1A700E481DF267FF007A1ABF /* TestProject.xcdatamodel */,
			);
			currentVersion = 1A700E481DF267FF007A1ABF /* TestProject.xcdatamodel */;
			path = TestProject.xcdatamodeld;
			sourceTree = "<group>";
			versionGroupType = wrapper.xcdatamodel;
		};
/* End XCVersionGroup section */
	};
	rootObject = 1A700E351DF267FF007A1ABF /* Project object */;
}
